<?xml version="1.0" encoding="UTF-8"?>
<CodeBlocks_project_file>
	<FileVersion major="1" minor="6"/>
	<Project>
		<Option title="cppremoteapi"/>
		<Option makefile_is_custom="1"/>
		<Option compiler="gcc"/>
		<Option virtualFolders="CMake Files\;"/>
		<Build>
			<Target title="all">
				<Option working_dir="/mnt/Documentos/Download/Fabro/ProjetoRemoteApi"/>
				<Option type="4"/>
				<MakeCommands>
					<Build command="/usr/bin/make -f &quot;/mnt/Documentos/Download/Fabro/ProjetoRemoteApi/Makefile&quot;  VERBOSE=1 all"/>
					<CompileFile command="/usr/bin/make -f &quot;/mnt/Documentos/Download/Fabro/ProjetoRemoteApi/Makefile&quot;  VERBOSE=1 &quot;$file&quot;"/>
					<Clean command="/usr/bin/make -f &quot;/mnt/Documentos/Download/Fabro/ProjetoRemoteApi/Makefile&quot;  VERBOSE=1 clean"/>
					<DistClean command="/usr/bin/make -f &quot;/mnt/Documentos/Download/Fabro/ProjetoRemoteApi/Makefile&quot;  VERBOSE=1 clean"/>
				</MakeCommands>
			</Target>
			<Target title="install/strip">
				<Option working_dir="/mnt/Documentos/Download/Fabro/ProjetoRemoteApi"/>
				<Option type="4"/>
				<MakeCommands>
					<Build command="/usr/bin/make -f &quot;/mnt/Documentos/Download/Fabro/ProjetoRemoteApi/Makefile&quot;  VERBOSE=1 install/strip"/>
					<CompileFile command="/usr/bin/make -f &quot;/mnt/Documentos/Download/Fabro/ProjetoRemoteApi/Makefile&quot;  VERBOSE=1 &quot;$file&quot;"/>
					<Clean command="/usr/bin/make -f &quot;/mnt/Documentos/Download/Fabro/ProjetoRemoteApi/Makefile&quot;  VERBOSE=1 clean"/>
					<DistClean command="/usr/bin/make -f &quot;/mnt/Documentos/Download/Fabro/ProjetoRemoteApi/Makefile&quot;  VERBOSE=1 clean"/>
				</MakeCommands>
			</Target>
			<Target title="install/local">
				<Option working_dir="/mnt/Documentos/Download/Fabro/ProjetoRemoteApi"/>
				<Option type="4"/>
				<MakeCommands>
					<Build command="/usr/bin/make -f &quot;/mnt/Documentos/Download/Fabro/ProjetoRemoteApi/Makefile&quot;  VERBOSE=1 install/local"/>
					<CompileFile command="/usr/bin/make -f &quot;/mnt/Documentos/Download/Fabro/ProjetoRemoteApi/Makefile&quot;  VERBOSE=1 &quot;$file&quot;"/>
					<Clean command="/usr/bin/make -f &quot;/mnt/Documentos/Download/Fabro/ProjetoRemoteApi/Makefile&quot;  VERBOSE=1 clean"/>
					<DistClean command="/usr/bin/make -f &quot;/mnt/Documentos/Download/Fabro/ProjetoRemoteApi/Makefile&quot;  VERBOSE=1 clean"/>
				</MakeCommands>
			</Target>
			<Target title="cppremoteapi">
				<Option output="/mnt/Documentos/Download/Fabro/ProjetoRemoteApi/cppremoteapi" prefix_auto="0" extension_auto="0"/>
				<Option working_dir="/mnt/Documentos/Download/Fabro/ProjetoRemoteApi"/>
				<Option object_output="./"/>
				<Option type="1"/>
				<Option compiler="gcc"/>
				<Compiler>
					<Add option="-DNON_MATLAB_PARSING"/>
					<Add option="-DMAX_EXT_API_CONNECTIONS=255"/>
					<Add directory="/mnt/Documentos/Download/Fabro/ProjetoRemoteApi/include"/>
					<Add directory="/mnt/Documentos/Download/Fabro/ProjetoRemoteApi/remoteApi"/>
				</Compiler>
				<MakeCommands>
					<Build command="/usr/bin/make -f &quot;/mnt/Documentos/Download/Fabro/ProjetoRemoteApi/Makefile&quot;  VERBOSE=1 cppremoteapi"/>
					<CompileFile command="/usr/bin/make -f &quot;/mnt/Documentos/Download/Fabro/ProjetoRemoteApi/Makefile&quot;  VERBOSE=1 &quot;$file&quot;"/>
					<Clean command="/usr/bin/make -f &quot;/mnt/Documentos/Download/Fabro/ProjetoRemoteApi/Makefile&quot;  VERBOSE=1 clean"/>
					<DistClean command="/usr/bin/make -f &quot;/mnt/Documentos/Download/Fabro/ProjetoRemoteApi/Makefile&quot;  VERBOSE=1 clean"/>
				</MakeCommands>
			</Target>
			<Target title="cppremoteapi/fast">
				<Option output="/mnt/Documentos/Download/Fabro/ProjetoRemoteApi/cppremoteapi" prefix_auto="0" extension_auto="0"/>
				<Option working_dir="/mnt/Documentos/Download/Fabro/ProjetoRemoteApi"/>
				<Option object_output="./"/>
				<Option type="1"/>
				<Option compiler="gcc"/>
				<Compiler>
					<Add option="-DNON_MATLAB_PARSING"/>
					<Add option="-DMAX_EXT_API_CONNECTIONS=255"/>
					<Add directory="/mnt/Documentos/Download/Fabro/ProjetoRemoteApi/include"/>
					<Add directory="/mnt/Documentos/Download/Fabro/ProjetoRemoteApi/remoteApi"/>
				</Compiler>
				<MakeCommands>
					<Build command="/usr/bin/make -f &quot;/mnt/Documentos/Download/Fabro/ProjetoRemoteApi/Makefile&quot;  VERBOSE=1 cppremoteapi/fast"/>
					<CompileFile command="/usr/bin/make -f &quot;/mnt/Documentos/Download/Fabro/ProjetoRemoteApi/Makefile&quot;  VERBOSE=1 &quot;$file&quot;"/>
					<Clean command="/usr/bin/make -f &quot;/mnt/Documentos/Download/Fabro/ProjetoRemoteApi/Makefile&quot;  VERBOSE=1 clean"/>
					<DistClean command="/usr/bin/make -f &quot;/mnt/Documentos/Download/Fabro/ProjetoRemoteApi/Makefile&quot;  VERBOSE=1 clean"/>
				</MakeCommands>
			</Target>
			<Target title="edit_cache">
				<Option working_dir="/mnt/Documentos/Download/Fabro/ProjetoRemoteApi"/>
				<Option type="4"/>
				<MakeCommands>
					<Build command="/usr/bin/make -f &quot;/mnt/Documentos/Download/Fabro/ProjetoRemoteApi/Makefile&quot;  VERBOSE=1 edit_cache"/>
					<CompileFile command="/usr/bin/make -f &quot;/mnt/Documentos/Download/Fabro/ProjetoRemoteApi/Makefile&quot;  VERBOSE=1 &quot;$file&quot;"/>
					<Clean command="/usr/bin/make -f &quot;/mnt/Documentos/Download/Fabro/ProjetoRemoteApi/Makefile&quot;  VERBOSE=1 clean"/>
					<DistClean command="/usr/bin/make -f &quot;/mnt/Documentos/Download/Fabro/ProjetoRemoteApi/Makefile&quot;  VERBOSE=1 clean"/>
				</MakeCommands>
			</Target>
			<Target title="rebuild_cache">
				<Option working_dir="/mnt/Documentos/Download/Fabro/ProjetoRemoteApi"/>
				<Option type="4"/>
				<MakeCommands>
					<Build command="/usr/bin/make -f &quot;/mnt/Documentos/Download/Fabro/ProjetoRemoteApi/Makefile&quot;  VERBOSE=1 rebuild_cache"/>
					<CompileFile command="/usr/bin/make -f &quot;/mnt/Documentos/Download/Fabro/ProjetoRemoteApi/Makefile&quot;  VERBOSE=1 &quot;$file&quot;"/>
					<Clean command="/usr/bin/make -f &quot;/mnt/Documentos/Download/Fabro/ProjetoRemoteApi/Makefile&quot;  VERBOSE=1 clean"/>
					<DistClean command="/usr/bin/make -f &quot;/mnt/Documentos/Download/Fabro/ProjetoRemoteApi/Makefile&quot;  VERBOSE=1 clean"/>
				</MakeCommands>
			</Target>
			<Target title="install">
				<Option working_dir="/mnt/Documentos/Download/Fabro/ProjetoRemoteApi"/>
				<Option type="4"/>
				<MakeCommands>
					<Build command="/usr/bin/make -f &quot;/mnt/Documentos/Download/Fabro/ProjetoRemoteApi/Makefile&quot;  VERBOSE=1 install"/>
					<CompileFile command="/usr/bin/make -f &quot;/mnt/Documentos/Download/Fabro/ProjetoRemoteApi/Makefile&quot;  VERBOSE=1 &quot;$file&quot;"/>
					<Clean command="/usr/bin/make -f &quot;/mnt/Documentos/Download/Fabro/ProjetoRemoteApi/Makefile&quot;  VERBOSE=1 clean"/>
					<DistClean command="/usr/bin/make -f &quot;/mnt/Documentos/Download/Fabro/ProjetoRemoteApi/Makefile&quot;  VERBOSE=1 clean"/>
				</MakeCommands>
			</Target>
			<Target title="list_install_components">
				<Option working_dir="/mnt/Documentos/Download/Fabro/ProjetoRemoteApi"/>
				<Option type="4"/>
				<MakeCommands>
					<Build command="/usr/bin/make -f &quot;/mnt/Documentos/Download/Fabro/ProjetoRemoteApi/Makefile&quot;  VERBOSE=1 list_install_components"/>
					<CompileFile command="/usr/bin/make -f &quot;/mnt/Documentos/Download/Fabro/ProjetoRemoteApi/Makefile&quot;  VERBOSE=1 &quot;$file&quot;"/>
					<Clean command="/usr/bin/make -f &quot;/mnt/Documentos/Download/Fabro/ProjetoRemoteApi/Makefile&quot;  VERBOSE=1 clean"/>
					<DistClean command="/usr/bin/make -f &quot;/mnt/Documentos/Download/Fabro/ProjetoRemoteApi/Makefile&quot;  VERBOSE=1 clean"/>
				</MakeCommands>
			</Target>
		</Build>
		<Unit filename="/mnt/Documentos/Download/Fabro/ProjetoRemoteApi/include/v_repConst.h">
			<Option target="cppremoteapi"/>
		</Unit>
		<Unit filename="/mnt/Documentos/Download/Fabro/ProjetoRemoteApi/include/v_repLib.h">
			<Option target="cppremoteapi"/>
		</Unit>
		<Unit filename="/mnt/Documentos/Download/Fabro/ProjetoRemoteApi/main.cpp">
			<Option target="cppremoteapi"/>
		</Unit>
		<Unit filename="/mnt/Documentos/Download/Fabro/ProjetoRemoteApi/remoteApi/extApi.c">
			<Option target="cppremoteapi"/>
		</Unit>
		<Unit filename="/mnt/Documentos/Download/Fabro/ProjetoRemoteApi/remoteApi/extApi.h">
			<Option target="cppremoteapi"/>
		</Unit>
		<Unit filename="/mnt/Documentos/Download/Fabro/ProjetoRemoteApi/remoteApi/extApiInternal.h">
			<Option target="cppremoteapi"/>
		</Unit>
		<Unit filename="/mnt/Documentos/Download/Fabro/ProjetoRemoteApi/remoteApi/extApiPlatform.c">
			<Option target="cppremoteapi"/>
		</Unit>
		<Unit filename="/mnt/Documentos/Download/Fabro/ProjetoRemoteApi/remoteApi/extApiPlatform.h">
			<Option target="cppremoteapi"/>
		</Unit>
		<Unit filename="/mnt/Documentos/Download/Fabro/ProjetoRemoteApi/CMakeLists.txt">
			<Option virtualFolder="CMake Files\"/>
		</Unit>
	</Project>
</CodeBlocks_project_file>
